# generated by rye
# use `rye lock` or `rye sync` to update this lockfile
#
# last locked with the following flags:
#   pre: false
#   features: []
#   all-features: false
#   with-sources: true

--index-url https://pypi.org/simple/

-e file:.
beautifulsoup4==4.12.3
    # via katti
certifi==2024.2.2
    # via requests
charset-normalizer==3.3.2
    # via requests
idna==3.6
    # via requests
requests==2.31.0
    # via katti
setuptools==69.2.0
    # via katti
soupsieve==2.5
    # via beautifulsoup4
urllib3==2.2.1
    # via requests
