# generated by rye
# use `rye lock` or `rye sync` to update this lockfile
#
# last locked with the following flags:
#   pre: false
#   features: []
#   all-features: false
#   with-sources: true

--index-url https://pypi.org/simple/

-e file:.
beautifulsoup4==4.12.3
    # via katti
certifi==2024.2.2
    # via requests
charset-normalizer==3.3.2
    # via requests
colorama==0.4.6
    # via pytest
exceptiongroup==1.2.0
    # via pytest
idna==3.6
    # via requests
iniconfig==2.0.0
    # via pytest
mypy==1.9.0
mypy-extensions==1.0.0
    # via mypy
packaging==24.0
    # via pytest
pluggy==1.4.0
    # via pytest
pytest==8.1.1
requests==2.31.0
    # via katti
setuptools==69.2.0
    # via katti
soupsieve==2.5
    # via beautifulsoup4
tomli==2.0.1
    # via mypy
    # via pytest
types-beautifulsoup4==4.12.0.20240229
types-html5lib==1.1.11.20240228
    # via types-beautifulsoup4
types-requests==2.31.0.20240311
types-setuptools==69.2.0.20240317
typing-extensions==4.10.0
    # via mypy
urllib3==2.2.1
    # via requests
    # via types-requests
